
Microsoft Visual Studio Solution File, Format Version 12.00
# Visual Studio Version 17
VisualStudioVersion = 17.12.35506.116
MinimumVisualStudioVersion = 10.0.40219.1
Project("{FAE04EC0-301F-11D3-BF4B-00C04F79EFBC}") = "QuePOS", "QuePOS\QuePOS\QuePOS.csproj", "{ECCE4D5F-3878-4C6A-91EF-EFB10CC75EBF}"
EndProject
Project("{FAE04EC0-301F-11D3-BF4B-00C04F79EFBC}") = "QuePOS.Shared", "QuePOS\QuePOS.Shared\QuePOS.Shared.csproj", "{21C2E1C9-B789-4DF9-AEB9-1C8569857122}"
EndProject
Project("{FAE04EC0-301F-11D3-BF4B-00C04F79EFBC}") = "QuePOS.Web", "QuePOS\QuePOS.Web\QuePOS.Web.csproj", "{0C160ED0-B120-42CC-A2A9-21CE908AA795}"
EndProject
Global
	GlobalSection(SolutionConfigurationPlatforms) = preSolution
		Debug|Any CPU = Debug|Any CPU
		Release|Any CPU = Release|Any CPU
	EndGlobalSection
	GlobalSection(ProjectConfigurationPlatforms) = postSolution
		{ECCE4D5F-3878-4C6A-91EF-EFB10CC75EBF}.Debug|Any CPU.ActiveCfg = Debug|Any CPU
		{ECCE4D5F-3878-4C6A-91EF-EFB10CC75EBF}.Debug|Any CPU.Build.0 = Debug|Any CPU
		{ECCE4D5F-3878-4C6A-91EF-EFB10CC75EBF}.Debug|Any CPU.Deploy.0 = Debug|Any CPU
		{ECCE4D5F-3878-4C6A-91EF-EFB10CC75EBF}.Release|Any CPU.ActiveCfg = Release|Any CPU
		{ECCE4D5F-3878-4C6A-91EF-EFB10CC75EBF}.Release|Any CPU.Build.0 = Release|Any CPU
		{ECCE4D5F-3878-4C6A-91EF-EFB10CC75EBF}.Release|Any CPU.Deploy.0 = Release|Any CPU
		{21C2E1C9-B789-4DF9-AEB9-1C8569857122}.Debug|Any CPU.ActiveCfg = Debug|Any CPU
		{21C2E1C9-B789-4DF9-AEB9-1C8569857122}.Debug|Any CPU.Build.0 = Debug|Any CPU
		{21C2E1C9-B789-4DF9-AEB9-1C8569857122}.Release|Any CPU.ActiveCfg = Release|Any CPU
		{21C2E1C9-B789-4DF9-AEB9-1C8569857122}.Release|Any CPU.Build.0 = Release|Any CPU
		{0C160ED0-B120-42CC-A2A9-21CE908AA795}.Debug|Any CPU.ActiveCfg = Debug|Any CPU
		{0C160ED0-B120-42CC-A2A9-21CE908AA795}.Debug|Any CPU.Build.0 = Debug|Any CPU
		{0C160ED0-B120-42CC-A2A9-21CE908AA795}.Release|Any CPU.ActiveCfg = Release|Any CPU
		{0C160ED0-B120-42CC-A2A9-21CE908AA795}.Release|Any CPU.Build.0 = Release|Any CPU
	EndGlobalSection
	GlobalSection(SolutionProperties) = preSolution
		HideSolutionNode = FALSE
	EndGlobalSection
EndGlobal
